<?xml version="1.0" encoding="utf-8"?>
<Project ToolsVersion="4.0" xmlns="http://schemas.microsoft.com/developer/msbuild/2003">
  <ItemGroup>
    <Filter Include="Quelldateien">
      <UniqueIdentifier>{4FC737F1-C7A5-4376-A066-2A32D752A2FF}</UniqueIdentifier>
      <Extensions>cpp;c;cc;cxx;c++;cppm;ixx;def;odl;idl;hpj;bat;asm;asmx</Extensions>
    </Filter>
    <Filter Include="Headerdateien">
      <UniqueIdentifier>{93995380-89BD-4b04-88EB-625FBE52EBFB}</UniqueIdentifier>
      <Extensions>h;hh;hpp;hxx;h++;hm;inl;inc;ipp;xsd</Extensions>
    </Filter>
    <Filter Include="Ressourcendateien">
      <UniqueIdentifier>{67DA6AB6-F800-4c08-8B7A-83BB121AAD01}</UniqueIdentifier>
      <Extensions>rc;ico;cur;bmp;dlg;rc2;rct;bin;rgs;gif;jpg;jpeg;jpe;resx;tiff;tif;png;wav;mfcribbon-ms</Extensions>
    </Filter>
  </ItemGroup>
  <ItemGroup>
    <ClInclude Include="include\AcidLib\Containers\Array.hpp">
      <Filter>Headerdateien</Filter>
    </ClInclude>
    <ClInclude Include="include\AcidLib\Containers\DynamicArray.hpp">
      <Filter>Headerdateien</Filter>
    </ClInclude>
    <ClInclude Include="include\AcidLib\Math\Math.hpp">
      <Filter>Headerdateien</Filter>
    </ClInclude>
    <ClInclude Include="include\AcidLib\Utilities\Iterator.hpp">
      <Filter>Headerdateien</Filter>
    </ClInclude>
    <ClInclude Include="include\AcidLib\Utilities\ConstIterator.hpp">
      <Filter>Headerdateien</Filter>
    </ClInclude>
    <ClInclude Include="include\AcidLib\Containers\ArrayList.hpp">
      <Filter>Headerdateien</Filter>
    </ClInclude>
    <ClInclude Include="include\AcidLib\Exception\Exception.hpp">
      <Filter>Headerdateien</Filter>
    </ClInclude>
    <ClInclude Include="include\AcidLib\Exception\IndexOutOfBoundsException.hpp">
      <Filter>Headerdateien</Filter>
    </ClInclude>
    <ClInclude Include="include\AcidLib\Containers\Pair.hpp">
      <Filter>Headerdateien</Filter>
    </ClInclude>
    <ClInclude Include="include\AcidLib\Containers\SequentialMap.hpp">
      <Filter>Headerdateien</Filter>
    </ClInclude>
    <ClInclude Include="include\AcidLib\Exception\KeyNotFoundException.hpp">
      <Filter>Headerdateien</Filter>
    </ClInclude>
    <ClInclude Include="include\AcidLib\Math\Vector.hpp">
      <Filter>Headerdateien</Filter>
    </ClInclude>
    <ClInclude Include="include\AcidLib\String\String.hpp">
      <Filter>Headerdateien</Filter>
    </ClInclude>
    <ClInclude Include="include\AcidLib\String\BasicString.hpp">
      <Filter>Headerdateien</Filter>
    </ClInclude>
    <ClInclude Include="include\AcidLib\Exception\KeyAlreadyExistsException.hpp">
      <Filter>Headerdateien</Filter>
    </ClInclude>
    <ClInclude Include="include\AcidLib\Math\Transform.hpp">
      <Filter>Headerdateien</Filter>
    </ClInclude>
    <ClInclude Include="include\AcidLib\Math\Trig.hpp">
      <Filter>Headerdateien</Filter>
    </ClInclude>
    <ClInclude Include="include\AcidLib\Math\Constants.hpp">
      <Filter>Headerdateien</Filter>
    </ClInclude>
    <ClInclude Include="include\AcidLib\Utilities\Typedefs.hpp">
      <Filter>Headerdateien</Filter>
    </ClInclude>
    <ClInclude Include="include\AcidLib\Utilities\NonCopyable.hpp">
      <Filter>Headerdateien</Filter>
    </ClInclude>
    <ClInclude Include="include\AcidLib\Exception\NoParentException.hpp">
      <Filter>Headerdateien</Filter>
    </ClInclude>
    <ClInclude Include="include\AcidLib\Containers\Stack.hpp">
      <Filter>Headerdateien</Filter>
    </ClInclude>
    <ClInclude Include="include\AcidLib\Exception\EmptyStackException.hpp">
      <Filter>Headerdateien</Filter>
    </ClInclude>
    <ClInclude Include="include\AcidLib\Containers\Tree.hpp">
      <Filter>Headerdateien</Filter>
    </ClInclude>
    <ClInclude Include="include\AcidLib\Containers\Graph.hpp">
      <Filter>Headerdateien</Filter>
    </ClInclude>
    <ClInclude Include="include\AcidLib\Exception\GraphException.hpp">
      <Filter>Headerdateien</Filter>
    </ClInclude>
  </ItemGroup>
  <ItemGroup>
    <ClCompile Include="src\Math\Math.cpp">
      <Filter>Quelldateien</Filter>
    </ClCompile>
    <ClCompile Include="src\Exception\IndexOutOfBoundsException.cpp">
      <Filter>Quelldateien</Filter>
    </ClCompile>
    <ClCompile Include="src\Exception\KeyNotFoundException.cpp">
      <Filter>Quelldateien</Filter>
    </ClCompile>
    <ClCompile Include="src\Exception\KeyAlreadyExistsException.cpp">
      <Filter>Quelldateien</Filter>
    </ClCompile>
    <ClCompile Include="src\Math\Trig.cpp">
      <Filter>Quelldateien</Filter>
    </ClCompile>
    <ClCompile Include="src\Exception\NoParentException.cpp">
      <Filter>Quelldateien</Filter>
    </ClCompile>
    <ClCompile Include="src\Exception\EmptyStackException.cpp">
      <Filter>Quelldateien</Filter>
    </ClCompile>
    <ClCompile Include="src\Exception\GraphException.cpp">
      <Filter>Quelldateien</Filter>
    </ClCompile>
  </ItemGroup>
  <ItemGroup>
    <Natvis Include="AcidLib.natvis" />
  </ItemGroup>
</Project>