
Microsoft Visual Studio Solution File, Format Version 12.00
# Visual Studio Version 17
VisualStudioVersion = 17.9.34723.18
MinimumVisualStudioVersion = 10.0.40219.1
Project("{8BC9CEB8-8B4A-11D0-8D11-00A0C91BC942}") = "Gralysis", "Gralysis.vcxproj", "{976C0F22-20EE-477F-9072-5B4BE13FD0FC}"
EndProject
Global
	GlobalSection(SolutionConfigurationPlatforms) = preSolution
		Debug|x64 = Debug|x64
		Debug|x86 = Debug|x86
		Release|x64 = Release|x64
		Release|x86 = Release|x86
	EndGlobalSection
	GlobalSection(ProjectConfigurationPlatforms) = postSolution
		{976C0F22-20EE-477F-9072-5B4BE13FD0FC}.Debug|x64.ActiveCfg = Debug|x64
		{976C0F22-20EE-477F-9072-5B4BE13FD0FC}.Debug|x64.Build.0 = Debug|x64
		{976C0F22-20EE-477F-9072-5B4BE13FD0FC}.Debug|x86.ActiveCfg = Debug|Win32
		{976C0F22-20EE-477F-9072-5B4BE13FD0FC}.Debug|x86.Build.0 = Debug|Win32
		{976C0F22-20EE-477F-9072-5B4BE13FD0FC}.Release|x64.ActiveCfg = Release|x64
		{976C0F22-20EE-477F-9072-5B4BE13FD0FC}.Release|x64.Build.0 = Release|x64
		{976C0F22-20EE-477F-9072-5B4BE13FD0FC}.Release|x86.ActiveCfg = Release|Win32
		{976C0F22-20EE-477F-9072-5B4BE13FD0FC}.Release|x86.Build.0 = Release|Win32
	EndGlobalSection
	GlobalSection(SolutionProperties) = preSolution
		HideSolutionNode = FALSE
	EndGlobalSection
	GlobalSection(ExtensibilityGlobals) = postSolution
		SolutionGuid = {AF2B153F-E211-4E5C-AC37-8AA9B422CCC4}
	EndGlobalSection
EndGlobal
